
Microsoft Visual Studio Solution File, Format Version 12.00
# Visual Studio Version 16
VisualStudioVersion = 16.0.29926.136
MinimumVisualStudioVersion = 10.0.40219.1
Project("{9A19103F-16F7-4668-BE54-9A1E7A4F7556}") = "RedisLite.Client", "RedisLite.Client\RedisLite.Client.csproj", "{40939A39-4932-40DD-B4E5-032B273E7222}"
EndProject
Project("{9A19103F-16F7-4668-BE54-9A1E7A4F7556}") = "RedisLite.ConsoleTester", "RedisLite.ConsoleTester\RedisLite.ConsoleTester.csproj", "{B2BD4CC2-81A9-47CE-B343-C7591B36F2C2}"
EndProject
Project("{2150E333-8FDC-42A3-9474-1A3956D46DE8}") = "SolutionItems", "SolutionItems", "{078DA11E-51C8-4F93-8BE7-6BEE9BA65FBA}"
	ProjectSection(SolutionItems) = preProject
		.travis.yml = .travis.yml
		LICENSE = LICENSE
		README.md = README.md
	EndProjectSection
EndProject
Project("{9A19103F-16F7-4668-BE54-9A1E7A4F7556}") = "RedisLite.Tests", "RedisLite.Tests\RedisLite.Tests.csproj", "{FDD36451-533A-4436-B6F0-72E3ECB40627}"
EndProject
Project("{2150E333-8FDC-42A3-9474-1A3956D46DE8}") = "Logo", "Logo", "{9A93EE3E-7C8E-48B6-AC34-1082A6D3FA35}"
	ProjectSection(SolutionItems) = preProject
		Logo\logo-title.png = Logo\logo-title.png
		Logo\logo-title.svg = Logo\logo-title.svg
		Logo\logo.png = Logo\logo.png
		Logo\logo.svg = Logo\logo.svg
	EndProjectSection
EndProject
Global
	GlobalSection(SolutionConfigurationPlatforms) = preSolution
		Debug|Any CPU = Debug|Any CPU
		Release|Any CPU = Release|Any CPU
	EndGlobalSection
	GlobalSection(ProjectConfigurationPlatforms) = postSolution
		{40939A39-4932-40DD-B4E5-032B273E7222}.Debug|Any CPU.ActiveCfg = Debug|Any CPU
		{40939A39-4932-40DD-B4E5-032B273E7222}.Debug|Any CPU.Build.0 = Debug|Any CPU
		{40939A39-4932-40DD-B4E5-032B273E7222}.Release|Any CPU.ActiveCfg = Release|Any CPU
		{40939A39-4932-40DD-B4E5-032B273E7222}.Release|Any CPU.Build.0 = Release|Any CPU
		{B2BD4CC2-81A9-47CE-B343-C7591B36F2C2}.Debug|Any CPU.ActiveCfg = Debug|Any CPU
		{B2BD4CC2-81A9-47CE-B343-C7591B36F2C2}.Debug|Any CPU.Build.0 = Debug|Any CPU
		{B2BD4CC2-81A9-47CE-B343-C7591B36F2C2}.Release|Any CPU.ActiveCfg = Release|Any CPU
		{B2BD4CC2-81A9-47CE-B343-C7591B36F2C2}.Release|Any CPU.Build.0 = Release|Any CPU
		{FDD36451-533A-4436-B6F0-72E3ECB40627}.Debug|Any CPU.ActiveCfg = Debug|Any CPU
		{FDD36451-533A-4436-B6F0-72E3ECB40627}.Debug|Any CPU.Build.0 = Debug|Any CPU
		{FDD36451-533A-4436-B6F0-72E3ECB40627}.Release|Any CPU.ActiveCfg = Release|Any CPU
		{FDD36451-533A-4436-B6F0-72E3ECB40627}.Release|Any CPU.Build.0 = Release|Any CPU
	EndGlobalSection
	GlobalSection(SolutionProperties) = preSolution
		HideSolutionNode = FALSE
	EndGlobalSection
	GlobalSection(NestedProjects) = preSolution
		{9A93EE3E-7C8E-48B6-AC34-1082A6D3FA35} = {078DA11E-51C8-4F93-8BE7-6BEE9BA65FBA}
	EndGlobalSection
	GlobalSection(ExtensibilityGlobals) = postSolution
		SolutionGuid = {76513C87-57CF-4F44-94E1-551F2D82789E}
	EndGlobalSection
EndGlobal
